
Microsoft Visual Studio Solution File, Format Version 12.00
# Visual Studio Version 16
VisualStudioVersion = 16.0.31605.320
MinimumVisualStudioVersion = 10.0.40219.1
Project("{8BC9CEB8-8B4A-11D0-8D11-00A0C91BC942}") = "Grafika5", "Grafika5.vcxproj", "{4B364FC7-1FC2-416B-AC2F-C98DCE752FDC}"
EndProject
Global
	GlobalSection(SolutionConfigurationPlatforms) = preSolution
		Debug|x64 = Debug|x64
		Debug|x86 = Debug|x86
		Release|x64 = Release|x64
		Release|x86 = Release|x86
	EndGlobalSection
	GlobalSection(ProjectConfigurationPlatforms) = postSolution
		{4B364FC7-1FC2-416B-AC2F-C98DCE752FDC}.Debug|x64.ActiveCfg = Debug|x64
		{4B364FC7-1FC2-416B-AC2F-C98DCE752FDC}.Debug|x64.Build.0 = Debug|x64
		{4B364FC7-1FC2-416B-AC2F-C98DCE752FDC}.Debug|x86.ActiveCfg = Debug|Win32
		{4B364FC7-1FC2-416B-AC2F-C98DCE752FDC}.Debug|x86.Build.0 = Debug|Win32
		{4B364FC7-1FC2-416B-AC2F-C98DCE752FDC}.Release|x64.ActiveCfg = Release|x64
		{4B364FC7-1FC2-416B-AC2F-C98DCE752FDC}.Release|x64.Build.0 = Release|x64
		{4B364FC7-1FC2-416B-AC2F-C98DCE752FDC}.Release|x86.ActiveCfg = Release|Win32
		{4B364FC7-1FC2-416B-AC2F-C98DCE752FDC}.Release|x86.Build.0 = Release|Win32
	EndGlobalSection
	GlobalSection(SolutionProperties) = preSolution
		HideSolutionNode = FALSE
	EndGlobalSection
	GlobalSection(ExtensibilityGlobals) = postSolution
		SolutionGuid = {89C9131F-FF2F-4FD7-902F-83B1E125CF02}
	EndGlobalSection
EndGlobal
